
Microsoft Visual Studio Solution File, Format Version 12.00
# Visual Studio Version 17
VisualStudioVersion = 17.6.33829.357
MinimumVisualStudioVersion = 10.0.40219.1
Project("{FAE04EC0-301F-11D3-BF4B-00C04F79EFBC}") = "D2R-Items", "D2R-Items.csproj", "{437664B7-4FBD-42BD-AA12-32C41E13487D}"
EndProject
Global
	GlobalSection(SolutionConfigurationPlatforms) = preSolution
		Debug|Any CPU = Debug|Any CPU
		Release|Any CPU = Release|Any CPU
	EndGlobalSection
	GlobalSection(ProjectConfigurationPlatforms) = postSolution
		{437664B7-4FBD-42BD-AA12-32C41E13487D}.Debug|Any CPU.ActiveCfg = Debug|Any CPU
		{437664B7-4FBD-42BD-AA12-32C41E13487D}.Debug|Any CPU.Build.0 = Debug|Any CPU
		{437664B7-4FBD-42BD-AA12-32C41E13487D}.Release|Any CPU.ActiveCfg = Release|Any CPU
		{437664B7-4FBD-42BD-AA12-32C41E13487D}.Release|Any CPU.Build.0 = Release|Any CPU
	EndGlobalSection
	GlobalSection(SolutionProperties) = preSolution
		HideSolutionNode = FALSE
	EndGlobalSection
	GlobalSection(ExtensibilityGlobals) = postSolution
		SolutionGuid = {6E2C8859-642B-4497-8553-817A928905AF}
	EndGlobalSection
EndGlobal
